
Microsoft Visual Studio Solution File, Format Version 12.00
# Visual Studio Version 16
VisualStudioVersion = 16.0.29411.108
MinimumVisualStudioVersion = 10.0.40219.1
Project("{FAE04EC0-301F-11D3-BF4B-00C04F79EFBC}") = "OoapasDemo.Web", "OoapasDemo\OoapasDemo.Web\OoapasDemo.Web.csproj", "{01525A27-41D1-41D6-BA8A-AC23281E0D92}"
EndProject
Global
	GlobalSection(SolutionConfigurationPlatforms) = preSolution
		Debug|Any CPU = Debug|Any CPU
		Release|Any CPU = Release|Any CPU
	EndGlobalSection
	GlobalSection(ProjectConfigurationPlatforms) = postSolution
		{01525A27-41D1-41D6-BA8A-AC23281E0D92}.Debug|Any CPU.ActiveCfg = Debug|Any CPU
		{01525A27-41D1-41D6-BA8A-AC23281E0D92}.Debug|Any CPU.Build.0 = Debug|Any CPU
		{01525A27-41D1-41D6-BA8A-AC23281E0D92}.Release|Any CPU.ActiveCfg = Release|Any CPU
		{01525A27-41D1-41D6-BA8A-AC23281E0D92}.Release|Any CPU.Build.0 = Release|Any CPU
	EndGlobalSection
	GlobalSection(SolutionProperties) = preSolution
		HideSolutionNode = FALSE
	EndGlobalSection
	GlobalSection(ExtensibilityGlobals) = postSolution
		SolutionGuid = {9DDA6FC6-D86D-498C-A39E-DF4C28011321}
	EndGlobalSection
EndGlobal
